// !$*UTF8*$!
{
	archiveVersion = 1;
	classes = {
	};
	objectVersion = 55;
	objects = {

/* Begin PBXBuildFile section */
		692757F5285B7004002580C7 /* RemoteFeedLoaderTests.swift in Sources */ = {isa = PBXBuildFile; fileRef = 692757F4285B7004002580C7 /* RemoteFeedLoaderTests.swift */; };
		694DD7BF2880CAA00053FFED /* RemoteFeedLoader.swift in Sources */ = {isa = PBXBuildFile; fileRef = 694DD7BE2880CAA00053FFED /* RemoteFeedLoader.swift */; };
		6973D8C328431A5100823235 /* AppDelegate.swift in Sources */ = {isa = PBXBuildFile; fileRef = 6973D8C228431A5100823235 /* AppDelegate.swift */; };
		6973D8C528431A5100823235 /* SceneDelegate.swift in Sources */ = {isa = PBXBuildFile; fileRef = 6973D8C428431A5100823235 /* SceneDelegate.swift */; };
		6973D8C728431A5100823235 /* ViewController.swift in Sources */ = {isa = PBXBuildFile; fileRef = 6973D8C628431A5100823235 /* ViewController.swift */; };
		6973D8CA28431A5100823235 /* Main.storyboard in Resources */ = {isa = PBXBuildFile; fileRef = 6973D8C828431A5100823235 /* Main.storyboard */; };
		6973D8CC28431A5300823235 /* Assets.xcassets in Resources */ = {isa = PBXBuildFile; fileRef = 6973D8CB28431A5300823235 /* Assets.xcassets */; };
		6973D8CF28431A5300823235 /* LaunchScreen.storyboard in Resources */ = {isa = PBXBuildFile; fileRef = 6973D8CD28431A5300823235 /* LaunchScreen.storyboard */; };
		6973D8DA28431A5300823235 /* EssentialFeedTests.swift in Sources */ = {isa = PBXBuildFile; fileRef = 6973D8D928431A5300823235 /* EssentialFeedTests.swift */; };
		6973D8E428431A5300823235 /* EssentialFeedUITests.swift in Sources */ = {isa = PBXBuildFile; fileRef = 6973D8E328431A5300823235 /* EssentialFeedUITests.swift */; };
		6973D8E628431A5300823235 /* EssentialFeedUITestsLaunchTests.swift in Sources */ = {isa = PBXBuildFile; fileRef = 6973D8E528431A5300823235 /* EssentialFeedUITestsLaunchTests.swift */; };
		6973D8F328431C6000823235 /* FeedItem.swift in Sources */ = {isa = PBXBuildFile; fileRef = 6973D8F228431C6000823235 /* FeedItem.swift */; };
		6973D8F528431CCE00823235 /* FeedLoader.swift in Sources */ = {isa = PBXBuildFile; fileRef = 6973D8F428431CCE00823235 /* FeedLoader.swift */; };
/* End PBXBuildFile section */

/* Begin PBXContainerItemProxy section */
		6973D8D628431A5300823235 /* PBXContainerItemProxy */ = {
			isa = PBXContainerItemProxy;
			containerPortal = 6973D8B728431A5100823235 /* Project object */;
			proxyType = 1;
			remoteGlobalIDString = 6973D8BE28431A5100823235;
			remoteInfo = EssentialFeed;
		};
		6973D8E028431A5300823235 /* PBXContainerItemProxy */ = {
			isa = PBXContainerItemProxy;
			containerPortal = 6973D8B728431A5100823235 /* Project object */;
			proxyType = 1;
			remoteGlobalIDString = 6973D8BE28431A5100823235;
			remoteInfo = EssentialFeed;
		};
/* End PBXContainerItemProxy section */

/* Begin PBXFileReference section */
		692757F4285B7004002580C7 /* RemoteFeedLoaderTests.swift */ = {isa = PBXFileReference; lastKnownFileType = sourcecode.swift; path = RemoteFeedLoaderTests.swift; sourceTree = "<group>"; };
		694DD7BE2880CAA00053FFED /* RemoteFeedLoader.swift */ = {isa = PBXFileReference; lastKnownFileType = sourcecode.swift; path = RemoteFeedLoader.swift; sourceTree = "<group>"; };
		6973D8BF28431A5100823235 /* EssentialFeed.app */ = {isa = PBXFileReference; explicitFileType = wrapper.application; includeInIndex = 0; path = EssentialFeed.app; sourceTree = BUILT_PRODUCTS_DIR; };
		6973D8C228431A5100823235 /* AppDelegate.swift */ = {isa = PBXFileReference; lastKnownFileType = sourcecode.swift; path = AppDelegate.swift; sourceTree = "<group>"; };
		6973D8C428431A5100823235 /* SceneDelegate.swift */ = {isa = PBXFileReference; lastKnownFileType = sourcecode.swift; path = SceneDelegate.swift; sourceTree = "<group>"; };
		6973D8C628431A5100823235 /* ViewController.swift */ = {isa = PBXFileReference; lastKnownFileType = sourcecode.swift; path = ViewController.swift; sourceTree = "<group>"; };
		6973D8C928431A5100823235 /* Base */ = {isa = PBXFileReference; lastKnownFileType = file.storyboard; name = Base; path = Base.lproj/Main.storyboard; sourceTree = "<group>"; };
		6973D8CB28431A5300823235 /* Assets.xcassets */ = {isa = PBXFileReference; lastKnownFileType = folder.assetcatalog; path = Assets.xcassets; sourceTree = "<group>"; };
		6973D8CE28431A5300823235 /* Base */ = {isa = PBXFileReference; lastKnownFileType = file.storyboard; name = Base; path = Base.lproj/LaunchScreen.storyboard; sourceTree = "<group>"; };
		6973D8D028431A5300823235 /* Info.plist */ = {isa = PBXFileReference; lastKnownFileType = text.plist.xml; path = Info.plist; sourceTree = "<group>"; };
		6973D8D528431A5300823235 /* EssentialFeedTests.xctest */ = {isa = PBXFileReference; explicitFileType = wrapper.cfbundle; includeInIndex = 0; path = EssentialFeedTests.xctest; sourceTree = BUILT_PRODUCTS_DIR; };
		6973D8D928431A5300823235 /* EssentialFeedTests.swift */ = {isa = PBXFileReference; lastKnownFileType = sourcecode.swift; path = EssentialFeedTests.swift; sourceTree = "<group>"; };
		6973D8DF28431A5300823235 /* EssentialFeedUITests.xctest */ = {isa = PBXFileReference; explicitFileType = wrapper.cfbundle; includeInIndex = 0; path = EssentialFeedUITests.xctest; sourceTree = BUILT_PRODUCTS_DIR; };
		6973D8E328431A5300823235 /* EssentialFeedUITests.swift */ = {isa = PBXFileReference; lastKnownFileType = sourcecode.swift; path = EssentialFeedUITests.swift; sourceTree = "<group>"; };
		6973D8E528431A5300823235 /* EssentialFeedUITestsLaunchTests.swift */ = {isa = PBXFileReference; lastKnownFileType = sourcecode.swift; path = EssentialFeedUITestsLaunchTests.swift; sourceTree = "<group>"; };
		6973D8F228431C6000823235 /* FeedItem.swift */ = {isa = PBXFileReference; lastKnownFileType = sourcecode.swift; path = FeedItem.swift; sourceTree = "<group>"; };
		6973D8F428431CCE00823235 /* FeedLoader.swift */ = {isa = PBXFileReference; lastKnownFileType = sourcecode.swift; path = FeedLoader.swift; sourceTree = "<group>"; };
/* End PBXFileReference section */

/* Begin PBXFrameworksBuildPhase section */
		6973D8BC28431A5100823235 /* Frameworks */ = {
			isa = PBXFrameworksBuildPhase;
			buildActionMask = 2147483647;
			files = (
			);
			runOnlyForDeploymentPostprocessing = 0;
		};
		6973D8D228431A5300823235 /* Frameworks */ = {
			isa = PBXFrameworksBuildPhase;
			buildActionMask = 2147483647;
			files = (
			);
			runOnlyForDeploymentPostprocessing = 0;
		};
		6973D8DC28431A5300823235 /* Frameworks */ = {
			isa = PBXFrameworksBuildPhase;
			buildActionMask = 2147483647;
			files = (
			);
			runOnlyForDeploymentPostprocessing = 0;
		};
/* End PBXFrameworksBuildPhase section */

/* Begin PBXGroup section */
		694DD7BC287534FF0053FFED /* Feed Feature */ = {
			isa = PBXGroup;
			children = (
				6973D8F428431CCE00823235 /* FeedLoader.swift */,
				6973D8F228431C6000823235 /* FeedItem.swift */,
			);
			path = "Feed Feature";
			sourceTree = "<group>";
		};
		694DD7BD2880CA750053FFED /* Feed API */ = {
			isa = PBXGroup;
			children = (
				694DD7BE2880CAA00053FFED /* RemoteFeedLoader.swift */,
			);
			path = "Feed API";
			sourceTree = "<group>";
		};
		6973D8B628431A5100823235 = {
			isa = PBXGroup;
			children = (
				6973D8C128431A5100823235 /* EssentialFeed */,
				6973D8D828431A5300823235 /* EssentialFeedTests */,
				6973D8E228431A5300823235 /* EssentialFeedUITests */,
				6973D8C028431A5100823235 /* Products */,
			);
			sourceTree = "<group>";
		};
		6973D8C028431A5100823235 /* Products */ = {
			isa = PBXGroup;
			children = (
				6973D8BF28431A5100823235 /* EssentialFeed.app */,
				6973D8D528431A5300823235 /* EssentialFeedTests.xctest */,
				6973D8DF28431A5300823235 /* EssentialFeedUITests.xctest */,
			);
			name = Products;
			sourceTree = "<group>";
		};
		6973D8C128431A5100823235 /* EssentialFeed */ = {
			isa = PBXGroup;
			children = (
				694DD7BD2880CA750053FFED /* Feed API */,
				6973D8C228431A5100823235 /* AppDelegate.swift */,
				6973D8C428431A5100823235 /* SceneDelegate.swift */,
				6973D8C628431A5100823235 /* ViewController.swift */,
				694DD7BC287534FF0053FFED /* Feed Feature */,
				6973D8C828431A5100823235 /* Main.storyboard */,
				6973D8CB28431A5300823235 /* Assets.xcassets */,
				6973D8CD28431A5300823235 /* LaunchScreen.storyboard */,
				6973D8D028431A5300823235 /* Info.plist */,
			);
			path = EssentialFeed;
			sourceTree = "<group>";
		};
		6973D8D828431A5300823235 /* EssentialFeedTests */ = {
			isa = PBXGroup;
			children = (
				6973D8D928431A5300823235 /* EssentialFeedTests.swift */,
				692757F4285B7004002580C7 /* RemoteFeedLoaderTests.swift */,
			);
			path = EssentialFeedTests;
			sourceTree = "<group>";
		};
		6973D8E228431A5300823235 /* EssentialFeedUITests */ = {
			isa = PBXGroup;
			children = (
				6973D8E328431A5300823235 /* EssentialFeedUITests.swift */,
				6973D8E528431A5300823235 /* EssentialFeedUITestsLaunchTests.swift */,
			);
			path = EssentialFeedUITests;
			sourceTree = "<group>";
		};
/* End PBXGroup section */

/* Begin PBXNativeTarget section */
		6973D8BE28431A5100823235 /* EssentialFeed */ = {
			isa = PBXNativeTarget;
			buildConfigurationList = 6973D8E928431A5300823235 /* Build configuration list for PBXNativeTarget "EssentialFeed" */;
			buildPhases = (
				6973D8BB28431A5100823235 /* Sources */,
				6973D8BC28431A5100823235 /* Frameworks */,
				6973D8BD28431A5100823235 /* Resources */,
			);
			buildRules = (
			);
			dependencies = (
			);
			name = EssentialFeed;
			productName = EssentialFeed;
			productReference = 6973D8BF28431A5100823235 /* EssentialFeed.app */;
			productType = "com.apple.product-type.application";
		};
		6973D8D428431A5300823235 /* EssentialFeedTests */ = {
			isa = PBXNativeTarget;
			buildConfigurationList = 6973D8EC28431A5300823235 /* Build configuration list for PBXNativeTarget "EssentialFeedTests" */;
			buildPhases = (
				6973D8D128431A5300823235 /* Sources */,
				6973D8D228431A5300823235 /* Frameworks */,
				6973D8D328431A5300823235 /* Resources */,
			);
			buildRules = (
			);
			dependencies = (
				6973D8D728431A5300823235 /* PBXTargetDependency */,
			);
			name = EssentialFeedTests;
			productName = EssentialFeedTests;
			productReference = 6973D8D528431A5300823235 /* EssentialFeedTests.xctest */;
			productType = "com.apple.product-type.bundle.unit-test";
		};
		6973D8DE28431A5300823235 /* EssentialFeedUITests */ = {
			isa = PBXNativeTarget;
			buildConfigurationList = 6973D8EF28431A5300823235 /* Build configuration list for PBXNativeTarget "EssentialFeedUITests" */;
			buildPhases = (
				6973D8DB28431A5300823235 /* Sources */,
				6973D8DC28431A5300823235 /* Frameworks */,
				6973D8DD28431A5300823235 /* Resources */,
			);
			buildRules = (
			);
			dependencies = (
				6973D8E128431A5300823235 /* PBXTargetDependency */,
			);
			name = EssentialFeedUITests;
			productName = EssentialFeedUITests;
			productReference = 6973D8DF28431A5300823235 /* EssentialFeedUITests.xctest */;
			productType = "com.apple.product-type.bundle.ui-testing";
		};
/* End PBXNativeTarget section */

/* Begin PBXProject section */
		6973D8B728431A5100823235 /* Project object */ = {
			isa = PBXProject;
			attributes = {
				BuildIndependentTargetsInParallel = 1;
				LastSwiftUpdateCheck = 1310;
				LastUpgradeCheck = 1310;
				TargetAttributes = {
					6973D8BE28431A5100823235 = {
						CreatedOnToolsVersion = 13.1;
					};
					6973D8D428431A5300823235 = {
						CreatedOnToolsVersion = 13.1;
						TestTargetID = 6973D8BE28431A5100823235;
					};
					6973D8DE28431A5300823235 = {
						CreatedOnToolsVersion = 13.1;
						TestTargetID = 6973D8BE28431A5100823235;
					};
				};
			};
			buildConfigurationList = 6973D8BA28431A5100823235 /* Build configuration list for PBXProject "EssentialFeed" */;
			compatibilityVersion = "Xcode 13.0";
			developmentRegion = en;
			hasScannedForEncodings = 0;
			knownRegions = (
				en,
				Base,
			);
			mainGroup = 6973D8B628431A5100823235;
			productRefGroup = 6973D8C028431A5100823235 /* Products */;
			projectDirPath = "";
			projectRoot = "";
			targets = (
				6973D8BE28431A5100823235 /* EssentialFeed */,
				6973D8D428431A5300823235 /* EssentialFeedTests */,
				6973D8DE28431A5300823235 /* EssentialFeedUITests */,
			);
		};
/* End PBXProject section */

/* Begin PBXResourcesBuildPhase section */
		6973D8BD28431A5100823235 /* Resources */ = {
			isa = PBXResourcesBuildPhase;
			buildActionMask = 2147483647;
			files = (
				6973D8CF28431A5300823235 /* LaunchScreen.storyboard in Resources */,
				6973D8CC28431A5300823235 /* Assets.xcassets in Resources */,
				6973D8CA28431A5100823235 /* Main.storyboard in Resources */,
			);
			runOnlyForDeploymentPostprocessing = 0;
		};
		6973D8D328431A5300823235 /* Resources */ = {
			isa = PBXResourcesBuildPhase;
			buildActionMask = 2147483647;
			files = (
			);
			runOnlyForDeploymentPostprocessing = 0;
		};
		6973D8DD28431A5300823235 /* Resources */ = {
			isa = PBXResourcesBuildPhase;
			buildActionMask = 2147483647;
			files = (
			);
			runOnlyForDeploymentPostprocessing = 0;
		};
/* End PBXResourcesBuildPhase section */

/* Begin PBXSourcesBuildPhase section */
		6973D8BB28431A5100823235 /* Sources */ = {
			isa = PBXSourcesBuildPhase;
			buildActionMask = 2147483647;
			files = (
				6973D8F328431C6000823235 /* FeedItem.swift in Sources */,
				6973D8C728431A5100823235 /* ViewController.swift in Sources */,
				6973D8C328431A5100823235 /* AppDelegate.swift in Sources */,
				6973D8F528431CCE00823235 /* FeedLoader.swift in Sources */,
				694DD7BF2880CAA00053FFED /* RemoteFeedLoader.swift in Sources */,
				6973D8C528431A5100823235 /* SceneDelegate.swift in Sources */,
			);
			runOnlyForDeploymentPostprocessing = 0;
		};
		6973D8D128431A5300823235 /* Sources */ = {
			isa = PBXSourcesBuildPhase;
			buildActionMask = 2147483647;
			files = (
				6973D8DA28431A5300823235 /* EssentialFeedTests.swift in Sources */,
				692757F5285B7004002580C7 /* RemoteFeedLoaderTests.swift in Sources */,
			);
			runOnlyForDeploymentPostprocessing = 0;
		};
		6973D8DB28431A5300823235 /* Sources */ = {
			isa = PBXSourcesBuildPhase;
			buildActionMask = 2147483647;
			files = (
				6973D8E428431A5300823235 /* EssentialFeedUITests.swift in Sources */,
				6973D8E628431A5300823235 /* EssentialFeedUITestsLaunchTests.swift in Sources */,
			);
			runOnlyForDeploymentPostprocessing = 0;
		};
/* End PBXSourcesBuildPhase section */

/* Begin PBXTargetDependency section */
		6973D8D728431A5300823235 /* PBXTargetDependency */ = {
			isa = PBXTargetDependency;
			target = 6973D8BE28431A5100823235 /* EssentialFeed */;
			targetProxy = 6973D8D628431A5300823235 /* PBXContainerItemProxy */;
		};
		6973D8E128431A5300823235 /* PBXTargetDependency */ = {
			isa = PBXTargetDependency;
			target = 6973D8BE28431A5100823235 /* EssentialFeed */;
			targetProxy = 6973D8E028431A5300823235 /* PBXContainerItemProxy */;
		};
/* End PBXTargetDependency section */

/* Begin PBXVariantGroup section */
		6973D8C828431A5100823235 /* Main.storyboard */ = {
			isa = PBXVariantGroup;
			children = (
				6973D8C928431A5100823235 /* Base */,
			);
			name = Main.storyboard;
			sourceTree = "<group>";
		};
		6973D8CD28431A5300823235 /* LaunchScreen.storyboard */ = {
			isa = PBXVariantGroup;
			children = (
				6973D8CE28431A5300823235 /* Base */,
			);
			name = LaunchScreen.storyboard;
			sourceTree = "<group>";
		};
/* End PBXVariantGroup section */

/* Begin XCBuildConfiguration section */
		6973D8E728431A5300823235 /* Debug */ = {
			isa = XCBuildConfiguration;
			buildSettings = {
				ALWAYS_SEARCH_USER_PATHS = NO;
				CLANG_ANALYZER_NONNULL = YES;
				CLANG_ANALYZER_NUMBER_OBJECT_CONVERSION = YES_AGGRESSIVE;
				CLANG_CXX_LANGUAGE_STANDARD = "gnu++17";
				CLANG_CXX_LIBRARY = "libc++";
				CLANG_ENABLE_MODULES = YES;
				CLANG_ENABLE_OBJC_ARC = YES;
				CLANG_ENABLE_OBJC_WEAK = YES;
				CLANG_WARN_BLOCK_CAPTURE_AUTORELEASING = YES;
				CLANG_WARN_BOOL_CONVERSION = YES;
				CLANG_WARN_COMMA = YES;
				CLANG_WARN_CONSTANT_CONVERSION = YES;
				CLANG_WARN_DEPRECATED_OBJC_IMPLEMENTATIONS = YES;
				CLANG_WARN_DIRECT_OBJC_ISA_USAGE = YES_ERROR;
				CLANG_WARN_DOCUMENTATION_COMMENTS = YES;
				CLANG_WARN_EMPTY_BODY = YES;
				CLANG_WARN_ENUM_CONVERSION = YES;
				CLANG_WARN_INFINITE_RECURSION = YES;
				CLANG_WARN_INT_CONVERSION = YES;
				CLANG_WARN_NON_LITERAL_NULL_CONVERSION = YES;
				CLANG_WARN_OBJC_IMPLICIT_RETAIN_SELF = YES;
				CLANG_WARN_OBJC_LITERAL_CONVERSION = YES;
				CLANG_WARN_OBJC_ROOT_CLASS = YES_ERROR;
				CLANG_WARN_QUOTED_INCLUDE_IN_FRAMEWORK_HEADER = YES;
				CLANG_WARN_RANGE_LOOP_ANALYSIS = YES;
				CLANG_WARN_STRICT_PROTOTYPES = YES;
				CLANG_WARN_SUSPICIOUS_MOVE = YES;
				CLANG_WARN_UNGUARDED_AVAILABILITY = YES_AGGRESSIVE;
				CLANG_WARN_UNREACHABLE_CODE = YES;
				CLANG_WARN__DUPLICATE_METHOD_MATCH = YES;
				COPY_PHASE_STRIP = NO;
				DEBUG_INFORMATION_FORMAT = dwarf;
				ENABLE_STRICT_OBJC_MSGSEND = YES;
				ENABLE_TESTABILITY = YES;
				GCC_C_LANGUAGE_STANDARD = gnu11;
				GCC_DYNAMIC_NO_PIC = NO;
				GCC_NO_COMMON_BLOCKS = YES;
				GCC_OPTIMIZATION_LEVEL = 0;
				GCC_PREPROCESSOR_DEFINITIONS = (
					"DEBUG=1",
					"$(inherited)",
				);
				GCC_WARN_64_TO_32_BIT_CONVERSION = YES;
				GCC_WARN_ABOUT_RETURN_TYPE = YES_ERROR;
				GCC_WARN_UNDECLARED_SELECTOR = YES;
				GCC_WARN_UNINITIALIZED_AUTOS = YES_AGGRESSIVE;
				GCC_WARN_UNUSED_FUNCTION = YES;
				GCC_WARN_UNUSED_VARIABLE = YES;
				IPHONEOS_DEPLOYMENT_TARGET = 15.0;
				MTL_ENABLE_DEBUG_INFO = INCLUDE_SOURCE;
				MTL_FAST_MATH = YES;
				ONLY_ACTIVE_ARCH = YES;
				SDKROOT = iphoneos;
				SWIFT_ACTIVE_COMPILATION_CONDITIONS = DEBUG;
				SWIFT_OPTIMIZATION_LEVEL = "-Onone";
			};
			name = Debug;
		};
		6973D8E828431A5300823235 /* Release */ = {
			isa = XCBuildConfiguration;
			buildSettings = {
				ALWAYS_SEARCH_USER_PATHS = NO;
				CLANG_ANALYZER_NONNULL = YES;
				CLANG_ANALYZER_NUMBER_OBJECT_CONVERSION = YES_AGGRESSIVE;
				CLANG_CXX_LANGUAGE_STANDARD = "gnu++17";
				CLANG_CXX_LIBRARY = "libc++";
				CLANG_ENABLE_MODULES = YES;
				CLANG_ENABLE_OBJC_ARC = YES;
				CLANG_ENABLE_OBJC_WEAK = YES;
				CLANG_WARN_BLOCK_CAPTURE_AUTORELEASING = YES;
				CLANG_WARN_BOOL_CONVERSION = YES;
				CLANG_WARN_COMMA = YES;
				CLANG_WARN_CONSTANT_CONVERSION = YES;
				CLANG_WARN_DEPRECATED_OBJC_IMPLEMENTATIONS = YES;
				CLANG_WARN_DIRECT_OBJC_ISA_USAGE = YES_ERROR;
				CLANG_WARN_DOCUMENTATION_COMMENTS = YES;
				CLANG_WARN_EMPTY_BODY = YES;
				CLANG_WARN_ENUM_CONVERSION = YES;
				CLANG_WARN_INFINITE_RECURSION = YES;
				CLANG_WARN_INT_CONVERSION = YES;
				CLANG_WARN_NON_LITERAL_NULL_CONVERSION = YES;
				CLANG_WARN_OBJC_IMPLICIT_RETAIN_SELF = YES;
				CLANG_WARN_OBJC_LITERAL_CONVERSION = YES;
				CLANG_WARN_OBJC_ROOT_CLASS = YES_ERROR;
				CLANG_WARN_QUOTED_INCLUDE_IN_FRAMEWORK_HEADER = YES;
				CLANG_WARN_RANGE_LOOP_ANALYSIS = YES;
				CLANG_WARN_STRICT_PROTOTYPES = YES;
				CLANG_WARN_SUSPICIOUS_MOVE = YES;
				CLANG_WARN_UNGUARDED_AVAILABILITY = YES_AGGRESSIVE;
				CLANG_WARN_UNREACHABLE_CODE = YES;
				CLANG_WARN__DUPLICATE_METHOD_MATCH = YES;
				COPY_PHASE_STRIP = NO;
				DEBUG_INFORMATION_FORMAT = "dwarf-with-dsym";
				ENABLE_NS_ASSERTIONS = NO;
				ENABLE_STRICT_OBJC_MSGSEND = YES;
				GCC_C_LANGUAGE_STANDARD = gnu11;
				GCC_NO_COMMON_BLOCKS = YES;
				GCC_WARN_64_TO_32_BIT_CONVERSION = YES;
				GCC_WARN_ABOUT_RETURN_TYPE = YES_ERROR;
				GCC_WARN_UNDECLARED_SELECTOR = YES;
				GCC_WARN_UNINITIALIZED_AUTOS = YES_AGGRESSIVE;
				GCC_WARN_UNUSED_FUNCTION = YES;
				GCC_WARN_UNUSED_VARIABLE = YES;
				IPHONEOS_DEPLOYMENT_TARGET = 15.0;
				MTL_ENABLE_DEBUG_INFO = NO;
				MTL_FAST_MATH = YES;
				SDKROOT = iphoneos;
				SWIFT_COMPILATION_MODE = wholemodule;
				SWIFT_OPTIMIZATION_LEVEL = "-O";
				VALIDATE_PRODUCT = YES;
			};
			name = Release;
		};
		6973D8EA28431A5300823235 /* Debug */ = {
			isa = XCBuildConfiguration;
			buildSettings = {
				ASSETCATALOG_COMPILER_APPICON_NAME = AppIcon;
				ASSETCATALOG_COMPILER_GLOBAL_ACCENT_COLOR_NAME = AccentColor;
				CODE_SIGN_STYLE = Automatic;
				CURRENT_PROJECT_VERSION = 1;
				DEVELOPMENT_TEAM = CFY5K256Y9;
				GENERATE_INFOPLIST_FILE = YES;
				INFOPLIST_FILE = EssentialFeed/Info.plist;
				INFOPLIST_KEY_UIApplicationSupportsIndirectInputEvents = YES;
				INFOPLIST_KEY_UILaunchStoryboardName = LaunchScreen;
				INFOPLIST_KEY_UIMainStoryboardFile = Main;
				INFOPLIST_KEY_UISupportedInterfaceOrientations_iPad = "UIInterfaceOrientationPortrait UIInterfaceOrientationPortraitUpsideDown UIInterfaceOrientationLandscapeLeft UIInterfaceOrientationLandscapeRight";
				INFOPLIST_KEY_UISupportedInterfaceOrientations_iPhone = "UIInterfaceOrientationPortrait UIInterfaceOrientationLandscapeLeft UIInterfaceOrientationLandscapeRight";
				LD_RUNPATH_SEARCH_PATHS = (
					"$(inherited)",
					"@executable_path/Frameworks",
				);
				MARKETING_VERSION = 1.0;
				PRODUCT_BUNDLE_IDENTIFIER = GDTech.EssentialFeed;
				PRODUCT_NAME = "$(TARGET_NAME)";
				SWIFT_EMIT_LOC_STRINGS = YES;
				SWIFT_VERSION = 5.0;
				TARGETED_DEVICE_FAMILY = "1,2";
			};
			name = Debug;
		};
		6973D8EB28431A5300823235 /* Release */ = {
			isa = XCBuildConfiguration;
			buildSettings = {
				ASSETCATALOG_COMPILER_APPICON_NAME = AppIcon;
				ASSETCATALOG_COMPILER_GLOBAL_ACCENT_COLOR_NAME = AccentColor;
				CODE_SIGN_STYLE = Automatic;
				CURRENT_PROJECT_VERSION = 1;
				DEVELOPMENT_TEAM = CFY5K256Y9;
				GENERATE_INFOPLIST_FILE = YES;
				INFOPLIST_FILE = EssentialFeed/Info.plist;
				INFOPLIST_KEY_UIApplicationSupportsIndirectInputEvents = YES;
				INFOPLIST_KEY_UILaunchStoryboardName = LaunchScreen;
				INFOPLIST_KEY_UIMainStoryboardFile = Main;
				INFOPLIST_KEY_UISupportedInterfaceOrientations_iPad = "UIInterfaceOrientationPortrait UIInterfaceOrientationPortraitUpsideDown UIInterfaceOrientationLandscapeLeft UIInterfaceOrientationLandscapeRight";
				INFOPLIST_KEY_UISupportedInterfaceOrientations_iPhone = "UIInterfaceOrientationPortrait UIInterfaceOrientationLandscapeLeft UIInterfaceOrientationLandscapeRight";
				LD_RUNPATH_SEARCH_PATHS = (
					"$(inherited)",
					"@executable_path/Frameworks",
				);
				MARKETING_VERSION = 1.0;
				PRODUCT_BUNDLE_IDENTIFIER = GDTech.EssentialFeed;
				PRODUCT_NAME = "$(TARGET_NAME)";
				SWIFT_EMIT_LOC_STRINGS = YES;
				SWIFT_VERSION = 5.0;
				TARGETED_DEVICE_FAMILY = "1,2";
			};
			name = Release;
		};
		6973D8ED28431A5300823235 /* Debug */ = {
			isa = XCBuildConfiguration;
			buildSettings = {
				ALWAYS_EMBED_SWIFT_STANDARD_LIBRARIES = YES;
				BUNDLE_LOADER = "$(TEST_HOST)";
				CODE_SIGN_STYLE = Automatic;
				CURRENT_PROJECT_VERSION = 1;
				DEVELOPMENT_TEAM = CFY5K256Y9;
				GENERATE_INFOPLIST_FILE = YES;
				IPHONEOS_DEPLOYMENT_TARGET = 15.0;
				LD_RUNPATH_SEARCH_PATHS = (
					"$(inherited)",
					"@executable_path/Frameworks",
					"@loader_path/Frameworks",
				);
				MARKETING_VERSION = 1.0;
				PRODUCT_BUNDLE_IDENTIFIER = GDTech.EssentialFeedTests;
				PRODUCT_NAME = "$(TARGET_NAME)";
				SWIFT_EMIT_LOC_STRINGS = NO;
				SWIFT_VERSION = 5.0;
				TARGETED_DEVICE_FAMILY = "1,2";
				TEST_HOST = "$(BUILT_PRODUCTS_DIR)/EssentialFeed.app/EssentialFeed";
			};
			name = Debug;
		};
		6973D8EE28431A5300823235 /* Release */ = {
			isa = XCBuildConfiguration;
			buildSettings = {
				ALWAYS_EMBED_SWIFT_STANDARD_LIBRARIES = YES;
				BUNDLE_LOADER = "$(TEST_HOST)";
				CODE_SIGN_STYLE = Automatic;
				CURRENT_PROJECT_VERSION = 1;
				DEVELOPMENT_TEAM = CFY5K256Y9;
				GENERATE_INFOPLIST_FILE = YES;
				IPHONEOS_DEPLOYMENT_TARGET = 15.0;
				LD_RUNPATH_SEARCH_PATHS = (
					"$(inherited)",
					"@executable_path/Frameworks",
					"@loader_path/Frameworks",
				);
				MARKETING_VERSION = 1.0;
				PRODUCT_BUNDLE_IDENTIFIER = GDTech.EssentialFeedTests;
				PRODUCT_NAME = "$(TARGET_NAME)";
				SWIFT_EMIT_LOC_STRINGS = NO;
				SWIFT_VERSION = 5.0;
				TARGETED_DEVICE_FAMILY = "1,2";
				TEST_HOST = "$(BUILT_PRODUCTS_DIR)/EssentialFeed.app/EssentialFeed";
			};
			name = Release;
		};
		6973D8F028431A5300823235 /* Debug */ = {
			isa = XCBuildConfiguration;
			buildSettings = {
				ALWAYS_EMBED_SWIFT_STANDARD_LIBRARIES = YES;
				CODE_SIGN_STYLE = Automatic;
				CURRENT_PROJECT_VERSION = 1;
				DEVELOPMENT_TEAM = CFY5K256Y9;
				GENERATE_INFOPLIST_FILE = YES;
				LD_RUNPATH_SEARCH_PATHS = (
					"$(inherited)",
					"@executable_path/Frameworks",
					"@loader_path/Frameworks",
				);
				MARKETING_VERSION = 1.0;
				PRODUCT_BUNDLE_IDENTIFIER = GDTech.EssentialFeedUITests;
				PRODUCT_NAME = "$(TARGET_NAME)";
				SWIFT_EMIT_LOC_STRINGS = NO;
				SWIFT_VERSION = 5.0;
				TARGETED_DEVICE_FAMILY = "1,2";
				TEST_TARGET_NAME = EssentialFeed;
			};
			name = Debug;
		};
		6973D8F128431A5300823235 /* Release */ = {
			isa = XCBuildConfiguration;
			buildSettings = {
				ALWAYS_EMBED_SWIFT_STANDARD_LIBRARIES = YES;
				CODE_SIGN_STYLE = Automatic;
				CURRENT_PROJECT_VERSION = 1;
				DEVELOPMENT_TEAM = CFY5K256Y9;
				GENERATE_INFOPLIST_FILE = YES;
				LD_RUNPATH_SEARCH_PATHS = (
					"$(inherited)",
					"@executable_path/Frameworks",
					"@loader_path/Frameworks",
				);
				MARKETING_VERSION = 1.0;
				PRODUCT_BUNDLE_IDENTIFIER = GDTech.EssentialFeedUITests;
				PRODUCT_NAME = "$(TARGET_NAME)";
				SWIFT_EMIT_LOC_STRINGS = NO;
				SWIFT_VERSION = 5.0;
				TARGETED_DEVICE_FAMILY = "1,2";
				TEST_TARGET_NAME = EssentialFeed;
			};
			name = Release;
		};
/* End XCBuildConfiguration section */

/* Begin XCConfigurationList section */
		6973D8BA28431A5100823235 /* Build configuration list for PBXProject "EssentialFeed" */ = {
			isa = XCConfigurationList;
			buildConfigurations = (
				6973D8E728431A5300823235 /* Debug */,
				6973D8E828431A5300823235 /* Release */,
			);
			defaultConfigurationIsVisible = 0;
			defaultConfigurationName = Release;
		};
		6973D8E928431A5300823235 /* Build configuration list for PBXNativeTarget "EssentialFeed" */ = {
			isa = XCConfigurationList;
			buildConfigurations = (
				6973D8EA28431A5300823235 /* Debug */,
				6973D8EB28431A5300823235 /* Release */,
			);
			defaultConfigurationIsVisible = 0;
			defaultConfigurationName = Release;
		};
		6973D8EC28431A5300823235 /* Build configuration list for PBXNativeTarget "EssentialFeedTests" */ = {
			isa = XCConfigurationList;
			buildConfigurations = (
				6973D8ED28431A5300823235 /* Debug */,
				6973D8EE28431A5300823235 /* Release */,
			);
			defaultConfigurationIsVisible = 0;
			defaultConfigurationName = Release;
		};
		6973D8EF28431A5300823235 /* Build configuration list for PBXNativeTarget "EssentialFeedUITests" */ = {
			isa = XCConfigurationList;
			buildConfigurations = (
				6973D8F028431A5300823235 /* Debug */,
				6973D8F128431A5300823235 /* Release */,
			);
			defaultConfigurationIsVisible = 0;
			defaultConfigurationName = Release;
		};
/* End XCConfigurationList section */
	};
	rootObject = 6973D8B728431A5100823235 /* Project object */;
}
